# This file was autogenerated by Stack.
# You should not edit this file by hand.
# For more information, please see the documentation at:
#   https://docs.haskellstack.org/en/stable/topics/lock_files

packages: []
snapshots:
- completed:
    sha256: 468e1afa06cd069e57554f10e84fdf1ac5e8893e3eefc503ef837e2449f7e60c
    size: 726310
    url: https://raw.githubusercontent.com/commercialhaskell/stackage-snapshots/master/lts/24/11.yaml
  original: lts-24.11
