# This file was autogenerated by Stack.
# You should not edit this file by hand.
# For more information, please see the documentation at:
#   https://docs.haskellstack.org/en/stable/topics/lock_files

packages: []
snapshots:
- completed:
    sha256: d5dc0b770386350f61aa8310d3d347e6ea16466a0b0adb533b64689840eebfd6
    size: 726797
    url: https://raw.githubusercontent.com/commercialhaskell/stackage-snapshots/master/lts/24/31.yaml
  original: lts-24.31
